PODS:
  - Alamofire (4.5.0)
  - AlamofireImage (3.2.0):
    - Alamofire (~> 4.1)
  - Listenable (1.0.0)
  - ObjectMapper (2.2.7)
  - SwiftHEXColors (1.1.0)
  - TinyConstraints (2.0.0)

DEPENDENCIES:
  - Alamofire (~> 4.5.0)
  - AlamofireImage (~> 3.2.0)
  - Listenable (~> 1.0.0)
  - ObjectMapper (~> 2.2.0)
  - SwiftHEXColors (~> 1.1.0)
  - TinyConstraints (~> 2.0.0)

SPEC CHECKSUMS:
  Alamofire: f28cdffd29de33a7bfa022cbd63ae95a27fae140
  AlamofireImage: 157ed682cc81d3b9db4fb90c1f12180ac552d93b
  Listenable: '078c3585861c811e0c123d965bf60d20402d4268'
  ObjectMapper: 65abcfd9a61cf7396cbd14a4fb22fddfcc46577e
  SwiftHEXColors: 8f7e364df7929e32cff9f9eeb044bb215167d6be
  TinyConstraints: c8f3c34a90aa2a5b6960dcff5cc6a69e8938cf1b

PODFILE CHECKSUM: 7b8777e08683880ee02b3e0bf06f102ee5cb31d1

COCOAPODS: 1.2.1
