// !$*UTF8*$!
{
	archiveVersion = 1;
	classes = {
	};
	objectVersion = 46;
	objects = {

/* Begin PBXBuildFile section */
		BF99A0E8C28570A1DB19CE19 /* Pods_HearthisAt_Player.framework in Frameworks */ = {isa = PBXBuildFile; fileRef = F9E2E1F66437A6670157C12D /* Pods_HearthisAt_Player.framework */; };
		D62375681F0D47F800AACA96 /* Response.swift in Sources */ = {isa = PBXBuildFile; fileRef = D62375671F0D47F800AACA96 /* Response.swift */; };
		D623756B1F0D4B8100AACA96 /* ControllerFactory.swift in Sources */ = {isa = PBXBuildFile; fileRef = D623756A1F0D4B8100AACA96 /* ControllerFactory.swift */; };
		D623756D1F0D4C1200AACA96 /* ApiControllerFactory.swift in Sources */ = {isa = PBXBuildFile; fileRef = D623756C1F0D4C1200AACA96 /* ApiControllerFactory.swift */; };
		D62375741F0D4DD400AACA96 /* ApiController.swift in Sources */ = {isa = PBXBuildFile; fileRef = D62375731F0D4DD400AACA96 /* ApiController.swift */; };
		D62375791F0D62DB00AACA96 /* Track.swift in Sources */ = {isa = PBXBuildFile; fileRef = D62375781F0D62DB00AACA96 /* Track.swift */; };
		D623757C1F0D65A800AACA96 /* FeedController.swift in Sources */ = {isa = PBXBuildFile; fileRef = D623757B1F0D65A800AACA96 /* FeedController.swift */; };
		D623757E1F0D65AE00AACA96 /* FeedApiController.swift in Sources */ = {isa = PBXBuildFile; fileRef = D623757D1F0D65AE00AACA96 /* FeedApiController.swift */; };
		D62375811F0D661E00AACA96 /* PagedResults.swift in Sources */ = {isa = PBXBuildFile; fileRef = D62375801F0D661E00AACA96 /* PagedResults.swift */; };
		D62375831F0D691200AACA96 /* TrackFeed.swift in Sources */ = {isa = PBXBuildFile; fileRef = D62375821F0D691200AACA96 /* TrackFeed.swift */; };
		D62375851F0D71FB00AACA96 /* User.swift in Sources */ = {isa = PBXBuildFile; fileRef = D62375841F0D71FB00AACA96 /* User.swift */; };
		D62375871F0D769400AACA96 /* MapperTransforms.swift in Sources */ = {isa = PBXBuildFile; fileRef = D62375861F0D769400AACA96 /* MapperTransforms.swift */; };
		D623758A1F0D82A800AACA96 /* PlaybackController.swift in Sources */ = {isa = PBXBuildFile; fileRef = D62375891F0D82A800AACA96 /* PlaybackController.swift */; };
		D623758C1F0D82AF00AACA96 /* PlaybackApiController.swift in Sources */ = {isa = PBXBuildFile; fileRef = D623758B1F0D82AF00AACA96 /* PlaybackApiController.swift */; };
		D623758F1F0D84F000AACA96 /* TracksController.swift in Sources */ = {isa = PBXBuildFile; fileRef = D623758E1F0D84F000AACA96 /* TracksController.swift */; };
		D62375911F0D850200AACA96 /* TracksApiController.swift in Sources */ = {isa = PBXBuildFile; fileRef = D62375901F0D850200AACA96 /* TracksApiController.swift */; };
		D62375931F0D855800AACA96 /* ControllerProvider.swift in Sources */ = {isa = PBXBuildFile; fileRef = D62375921F0D855800AACA96 /* ControllerProvider.swift */; };
		D68DAC551F0EAA61000B390D /* RootViewController.swift in Sources */ = {isa = PBXBuildFile; fileRef = D68DAC541F0EAA61000B390D /* RootViewController.swift */; };
		D68DAC571F0EAA7A000B390D /* Root.storyboard in Resources */ = {isa = PBXBuildFile; fileRef = D68DAC561F0EAA7A000B390D /* Root.storyboard */; };
		D68DAC591F0EAA8E000B390D /* Feed.storyboard in Resources */ = {isa = PBXBuildFile; fileRef = D68DAC581F0EAA8E000B390D /* Feed.storyboard */; };
		D68DAC5B1F0EAA97000B390D /* FeedViewController.swift in Sources */ = {isa = PBXBuildFile; fileRef = D68DAC5A1F0EAA97000B390D /* FeedViewController.swift */; };
		D68DAC5F1F0EAB19000B390D /* GradientView.swift in Sources */ = {isa = PBXBuildFile; fileRef = D68DAC5E1F0EAB19000B390D /* GradientView.swift */; };
		D68DAC611F0EABD2000B390D /* AlbumArtBackgroundView.swift in Sources */ = {isa = PBXBuildFile; fileRef = D68DAC601F0EABD2000B390D /* AlbumArtBackgroundView.swift */; };
		D68DAC631F0EAC3F000B390D /* ColorPalette.swift in Sources */ = {isa = PBXBuildFile; fileRef = D68DAC621F0EAC3F000B390D /* ColorPalette.swift */; };
		D68DAC661F0EAFC5000B390D /* Component.swift in Sources */ = {isa = PBXBuildFile; fileRef = D68DAC651F0EAFC5000B390D /* Component.swift */; };
		D68DAC691F0EB19A000B390D /* FeedItemCell.swift in Sources */ = {isa = PBXBuildFile; fileRef = D68DAC681F0EB19A000B390D /* FeedItemCell.swift */; };
		D68DAC6B1F0EB1C2000B390D /* FeedItemCell.xib in Resources */ = {isa = PBXBuildFile; fileRef = D68DAC6A1F0EB1C2000B390D /* FeedItemCell.xib */; };
		D68DAC6D1F0EB732000B390D /* AvatarImageView.swift in Sources */ = {isa = PBXBuildFile; fileRef = D68DAC6C1F0EB732000B390D /* AvatarImageView.swift */; };
		D68DAC6F1F0EBFEC000B390D /* PagingFooterView.swift in Sources */ = {isa = PBXBuildFile; fileRef = D68DAC6E1F0EBFEC000B390D /* PagingFooterView.swift */; };
		D68DAC721F0EC4EA000B390D /* PagingTableViewController.swift in Sources */ = {isa = PBXBuildFile; fileRef = D68DAC711F0EC4EA000B390D /* PagingTableViewController.swift */; };
		D68DAC751F0ECBCB000B390D /* TracksViewController.swift in Sources */ = {isa = PBXBuildFile; fileRef = D68DAC741F0ECBCB000B390D /* TracksViewController.swift */; };
		D68DAC771F0ECBFF000B390D /* Tracks.storyboard in Resources */ = {isa = PBXBuildFile; fileRef = D68DAC761F0ECBFF000B390D /* Tracks.storyboard */; };
		D68DAC7A1F0ECD8E000B390D /* Localizable.strings in Resources */ = {isa = PBXBuildFile; fileRef = D68DAC7C1F0ECD8E000B390D /* Localizable.strings */; };
		D68DAC7F1F0ECDE6000B390D /* String+Localization.swift in Sources */ = {isa = PBXBuildFile; fileRef = D68DAC7E1F0ECDE6000B390D /* String+Localization.swift */; };
		D68DAC811F0ECF19000B390D /* ArtistList.swift in Sources */ = {isa = PBXBuildFile; fileRef = D68DAC801F0ECF19000B390D /* ArtistList.swift */; };
		D68DAC841F0ED8FA000B390D /* TracksHeaderView.swift in Sources */ = {isa = PBXBuildFile; fileRef = D68DAC831F0ED8FA000B390D /* TracksHeaderView.swift */; };
		D68DAC861F0EDEF9000B390D /* TrackItemCell.swift in Sources */ = {isa = PBXBuildFile; fileRef = D68DAC851F0EDEF9000B390D /* TrackItemCell.swift */; };
		D68DAC881F0EDF29000B390D /* TrackItemCell.xib in Resources */ = {isa = PBXBuildFile; fileRef = D68DAC871F0EDF29000B390D /* TrackItemCell.xib */; };
		D693E7D91F0D385400C5B88C /* AppDelegate.swift in Sources */ = {isa = PBXBuildFile; fileRef = D693E7D81F0D385400C5B88C /* AppDelegate.swift */; };
		D6BAB3861F0D39980056A13A /* Assets.xcassets in Resources */ = {isa = PBXBuildFile; fileRef = D6BAB37E1F0D39980056A13A /* Assets.xcassets */; };
		D6BAB3871F0D39980056A13A /* LaunchScreen.storyboard in Resources */ = {isa = PBXBuildFile; fileRef = D6BAB37F1F0D39980056A13A /* LaunchScreen.storyboard */; };
		D6BAB38D1F0D3A5B0056A13A /* Service.swift in Sources */ = {isa = PBXBuildFile; fileRef = D6BAB38C1F0D3A5B0056A13A /* Service.swift */; };
		D6BAB3901F0D3ABB0056A13A /* Config.swift in Sources */ = {isa = PBXBuildFile; fileRef = D6BAB38F1F0D3ABB0056A13A /* Config.swift */; };
		D6BAB3921F0D3B180056A13A /* Config.plist in Resources */ = {isa = PBXBuildFile; fileRef = D6BAB3911F0D3B180056A13A /* Config.plist */; };
		D6BAB3941F0D3B8B0056A13A /* AppConfig.swift in Sources */ = {isa = PBXBuildFile; fileRef = D6BAB3931F0D3B8B0056A13A /* AppConfig.swift */; };
		D6BAB3961F0D3BE50056A13A /* ApiConfig.swift in Sources */ = {isa = PBXBuildFile; fileRef = D6BAB3951F0D3BE50056A13A /* ApiConfig.swift */; };
		D6BAB3991F0D3DB30056A13A /* Controller.swift in Sources */ = {isa = PBXBuildFile; fileRef = D6BAB3981F0D3DB30056A13A /* Controller.swift */; };
		D6BAB39C1F0D3E080056A13A /* Endpoints.swift in Sources */ = {isa = PBXBuildFile; fileRef = D6BAB39B1F0D3E080056A13A /* Endpoints.swift */; };
		D6BAB39E1F0D3F920056A13A /* Request.swift in Sources */ = {isa = PBXBuildFile; fileRef = D6BAB39D1F0D3F920056A13A /* Request.swift */; };
		D6BAB3A01F0D3F9E0056A13A /* RequestBuilder.swift in Sources */ = {isa = PBXBuildFile; fileRef = D6BAB39F1F0D3F9E0056A13A /* RequestBuilder.swift */; };
		D6BAB3A21F0D43B90056A13A /* RequestExecutor.swift in Sources */ = {isa = PBXBuildFile; fileRef = D6BAB3A11F0D43B90056A13A /* RequestExecutor.swift */; };
/* End PBXBuildFile section */

/* Begin PBXFileReference section */
		13E78C73F61817FF43F0C0FF /* Pods-HearthisAt-Player.debug.xcconfig */ = {isa = PBXFileReference; includeInIndex = 1; lastKnownFileType = text.xcconfig; name = "Pods-HearthisAt-Player.debug.xcconfig"; path = "Pods/Target Support Files/Pods-HearthisAt-Player/Pods-HearthisAt-Player.debug.xcconfig"; sourceTree = "<group>"; };
		B688C9A710F1D9E93CE040A5 /* Pods-HearthisAt-Player.release.xcconfig */ = {isa = PBXFileReference; includeInIndex = 1; lastKnownFileType = text.xcconfig; name = "Pods-HearthisAt-Player.release.xcconfig"; path = "Pods/Target Support Files/Pods-HearthisAt-Player/Pods-HearthisAt-Player.release.xcconfig"; sourceTree = "<group>"; };
		D62375671F0D47F800AACA96 /* Response.swift */ = {isa = PBXFileReference; fileEncoding = 4; lastKnownFileType = sourcecode.swift; path = Response.swift; sourceTree = "<group>"; };
		D623756A1F0D4B8100AACA96 /* ControllerFactory.swift */ = {isa = PBXFileReference; fileEncoding = 4; lastKnownFileType = sourcecode.swift; path = ControllerFactory.swift; sourceTree = "<group>"; };
		D623756C1F0D4C1200AACA96 /* ApiControllerFactory.swift */ = {isa = PBXFileReference; fileEncoding = 4; lastKnownFileType = sourcecode.swift; path = ApiControllerFactory.swift; sourceTree = "<group>"; };
		D62375731F0D4DD400AACA96 /* ApiController.swift */ = {isa = PBXFileReference; fileEncoding = 4; lastKnownFileType = sourcecode.swift; path = ApiController.swift; sourceTree = "<group>"; };
		D62375781F0D62DB00AACA96 /* Track.swift */ = {isa = PBXFileReference; fileEncoding = 4; lastKnownFileType = sourcecode.swift; path = Track.swift; sourceTree = "<group>"; };
		D623757B1F0D65A800AACA96 /* FeedController.swift */ = {isa = PBXFileReference; fileEncoding = 4; lastKnownFileType = sourcecode.swift; path = FeedController.swift; sourceTree = "<group>"; };
		D623757D1F0D65AE00AACA96 /* FeedApiController.swift */ = {isa = PBXFileReference; fileEncoding = 4; lastKnownFileType = sourcecode.swift; path = FeedApiController.swift; sourceTree = "<group>"; };
		D62375801F0D661E00AACA96 /* PagedResults.swift */ = {isa = PBXFileReference; fileEncoding = 4; lastKnownFileType = sourcecode.swift; path = PagedResults.swift; sourceTree = "<group>"; };
		D62375821F0D691200AACA96 /* TrackFeed.swift */ = {isa = PBXFileReference; fileEncoding = 4; lastKnownFileType = sourcecode.swift; path = TrackFeed.swift; sourceTree = "<group>"; };
		D62375841F0D71FB00AACA96 /* User.swift */ = {isa = PBXFileReference; fileEncoding = 4; lastKnownFileType = sourcecode.swift; path = User.swift; sourceTree = "<group>"; };
		D62375861F0D769400AACA96 /* MapperTransforms.swift */ = {isa = PBXFileReference; fileEncoding = 4; lastKnownFileType = sourcecode.swift; path = MapperTransforms.swift; sourceTree = "<group>"; };
		D62375891F0D82A800AACA96 /* PlaybackController.swift */ = {isa = PBXFileReference; fileEncoding = 4; lastKnownFileType = sourcecode.swift; path = PlaybackController.swift; sourceTree = "<group>"; };
		D623758B1F0D82AF00AACA96 /* PlaybackApiController.swift */ = {isa = PBXFileReference; fileEncoding = 4; lastKnownFileType = sourcecode.swift; path = PlaybackApiController.swift; sourceTree = "<group>"; };
		D623758E1F0D84F000AACA96 /* TracksController.swift */ = {isa = PBXFileReference; fileEncoding = 4; lastKnownFileType = sourcecode.swift; path = TracksController.swift; sourceTree = "<group>"; };
		D62375901F0D850200AACA96 /* TracksApiController.swift */ = {isa = PBXFileReference; fileEncoding = 4; lastKnownFileType = sourcecode.swift; path = TracksApiController.swift; sourceTree = "<group>"; };
		D62375921F0D855800AACA96 /* ControllerProvider.swift */ = {isa = PBXFileReference; fileEncoding = 4; lastKnownFileType = sourcecode.swift; path = ControllerProvider.swift; sourceTree = "<group>"; };
		D68DAC541F0EAA61000B390D /* RootViewController.swift */ = {isa = PBXFileReference; fileEncoding = 4; lastKnownFileType = sourcecode.swift; path = RootViewController.swift; sourceTree = "<group>"; };
		D68DAC561F0EAA7A000B390D /* Root.storyboard */ = {isa = PBXFileReference; fileEncoding = 4; lastKnownFileType = file.storyboard; path = Root.storyboard; sourceTree = "<group>"; };
		D68DAC581F0EAA8E000B390D /* Feed.storyboard */ = {isa = PBXFileReference; fileEncoding = 4; lastKnownFileType = file.storyboard; path = Feed.storyboard; sourceTree = "<group>"; };
		D68DAC5A1F0EAA97000B390D /* FeedViewController.swift */ = {isa = PBXFileReference; fileEncoding = 4; lastKnownFileType = sourcecode.swift; path = FeedViewController.swift; sourceTree = "<group>"; };
		D68DAC5E1F0EAB19000B390D /* GradientView.swift */ = {isa = PBXFileReference; fileEncoding = 4; lastKnownFileType = sourcecode.swift; path = GradientView.swift; sourceTree = "<group>"; };
		D68DAC601F0EABD2000B390D /* AlbumArtBackgroundView.swift */ = {isa = PBXFileReference; fileEncoding = 4; lastKnownFileType = sourcecode.swift; path = AlbumArtBackgroundView.swift; sourceTree = "<group>"; };
		D68DAC621F0EAC3F000B390D /* ColorPalette.swift */ = {isa = PBXFileReference; fileEncoding = 4; lastKnownFileType = sourcecode.swift; path = ColorPalette.swift; sourceTree = "<group>"; };
		D68DAC651F0EAFC5000B390D /* Component.swift */ = {isa = PBXFileReference; fileEncoding = 4; lastKnownFileType = sourcecode.swift; path = Component.swift; sourceTree = "<group>"; };
		D68DAC681F0EB19A000B390D /* FeedItemCell.swift */ = {isa = PBXFileReference; fileEncoding = 4; lastKnownFileType = sourcecode.swift; path = FeedItemCell.swift; sourceTree = "<group>"; };
		D68DAC6A1F0EB1C2000B390D /* FeedItemCell.xib */ = {isa = PBXFileReference; fileEncoding = 4; lastKnownFileType = file.xib; path = FeedItemCell.xib; sourceTree = "<group>"; };
		D68DAC6C1F0EB732000B390D /* AvatarImageView.swift */ = {isa = PBXFileReference; fileEncoding = 4; lastKnownFileType = sourcecode.swift; path = AvatarImageView.swift; sourceTree = "<group>"; };
		D68DAC6E1F0EBFEC000B390D /* PagingFooterView.swift */ = {isa = PBXFileReference; fileEncoding = 4; lastKnownFileType = sourcecode.swift; path = PagingFooterView.swift; sourceTree = "<group>"; };
		D68DAC711F0EC4EA000B390D /* PagingTableViewController.swift */ = {isa = PBXFileReference; fileEncoding = 4; lastKnownFileType = sourcecode.swift; path = PagingTableViewController.swift; sourceTree = "<group>"; };
		D68DAC741F0ECBCB000B390D /* TracksViewController.swift */ = {isa = PBXFileReference; fileEncoding = 4; lastKnownFileType = sourcecode.swift; path = TracksViewController.swift; sourceTree = "<group>"; };
		D68DAC761F0ECBFF000B390D /* Tracks.storyboard */ = {isa = PBXFileReference; fileEncoding = 4; lastKnownFileType = file.storyboard; path = Tracks.storyboard; sourceTree = "<group>"; };
		D68DAC7B1F0ECD8E000B390D /* Base */ = {isa = PBXFileReference; lastKnownFileType = text.plist.strings; name = Base; path = Base.lproj/Localizable.strings; sourceTree = "<group>"; };
		D68DAC7E1F0ECDE6000B390D /* String+Localization.swift */ = {isa = PBXFileReference; fileEncoding = 4; lastKnownFileType = sourcecode.swift; path = "String+Localization.swift"; sourceTree = "<group>"; };
		D68DAC801F0ECF19000B390D /* ArtistList.swift */ = {isa = PBXFileReference; fileEncoding = 4; lastKnownFileType = sourcecode.swift; path = ArtistList.swift; sourceTree = "<group>"; };
		D68DAC831F0ED8FA000B390D /* TracksHeaderView.swift */ = {isa = PBXFileReference; fileEncoding = 4; lastKnownFileType = sourcecode.swift; path = TracksHeaderView.swift; sourceTree = "<group>"; };
		D68DAC851F0EDEF9000B390D /* TrackItemCell.swift */ = {isa = PBXFileReference; fileEncoding = 4; lastKnownFileType = sourcecode.swift; path = TrackItemCell.swift; sourceTree = "<group>"; };
		D68DAC871F0EDF29000B390D /* TrackItemCell.xib */ = {isa = PBXFileReference; fileEncoding = 4; lastKnownFileType = file.xib; path = TrackItemCell.xib; sourceTree = "<group>"; };
		D693E7D51F0D385400C5B88C /* HearthisAt-Player.app */ = {isa = PBXFileReference; explicitFileType = wrapper.application; includeInIndex = 0; path = "HearthisAt-Player.app"; sourceTree = BUILT_PRODUCTS_DIR; };
		D693E7D81F0D385400C5B88C /* AppDelegate.swift */ = {isa = PBXFileReference; lastKnownFileType = sourcecode.swift; path = AppDelegate.swift; sourceTree = "<group>"; };
		D693E7E41F0D385400C5B88C /* Info.plist */ = {isa = PBXFileReference; lastKnownFileType = text.plist.xml; name = Info.plist; path = ../Info.plist; sourceTree = "<group>"; };
		D6BAB37E1F0D39980056A13A /* Assets.xcassets */ = {isa = PBXFileReference; lastKnownFileType = folder.assetcatalog; path = Assets.xcassets; sourceTree = "<group>"; };
		D6BAB37F1F0D39980056A13A /* LaunchScreen.storyboard */ = {isa = PBXFileReference; fileEncoding = 4; lastKnownFileType = file.storyboard; path = LaunchScreen.storyboard; sourceTree = "<group>"; };
		D6BAB38C1F0D3A5B0056A13A /* Service.swift */ = {isa = PBXFileReference; fileEncoding = 4; lastKnownFileType = sourcecode.swift; path = Service.swift; sourceTree = "<group>"; };
		D6BAB38F1F0D3ABB0056A13A /* Config.swift */ = {isa = PBXFileReference; fileEncoding = 4; lastKnownFileType = sourcecode.swift; path = Config.swift; sourceTree = "<group>"; };
		D6BAB3911F0D3B180056A13A /* Config.plist */ = {isa = PBXFileReference; fileEncoding = 4; lastKnownFileType = text.plist.xml; path = Config.plist; sourceTree = "<group>"; };
		D6BAB3931F0D3B8B0056A13A /* AppConfig.swift */ = {isa = PBXFileReference; fileEncoding = 4; lastKnownFileType = sourcecode.swift; path = AppConfig.swift; sourceTree = "<group>"; };
		D6BAB3951F0D3BE50056A13A /* ApiConfig.swift */ = {isa = PBXFileReference; fileEncoding = 4; lastKnownFileType = sourcecode.swift; path = ApiConfig.swift; sourceTree = "<group>"; };
		D6BAB3981F0D3DB30056A13A /* Controller.swift */ = {isa = PBXFileReference; fileEncoding = 4; lastKnownFileType = sourcecode.swift; path = Controller.swift; sourceTree = "<group>"; };
		D6BAB39B1F0D3E080056A13A /* Endpoints.swift */ = {isa = PBXFileReference; fileEncoding = 4; lastKnownFileType = sourcecode.swift; path = Endpoints.swift; sourceTree = "<group>"; };
		D6BAB39D1F0D3F920056A13A /* Request.swift */ = {isa = PBXFileReference; fileEncoding = 4; lastKnownFileType = sourcecode.swift; path = Request.swift; sourceTree = "<group>"; };
		D6BAB39F1F0D3F9E0056A13A /* RequestBuilder.swift */ = {isa = PBXFileReference; fileEncoding = 4; lastKnownFileType = sourcecode.swift; path = RequestBuilder.swift; sourceTree = "<group>"; };
		D6BAB3A11F0D43B90056A13A /* RequestExecutor.swift */ = {isa = PBXFileReference; fileEncoding = 4; lastKnownFileType = sourcecode.swift; path = RequestExecutor.swift; sourceTree = "<group>"; };
		F9E2E1F66437A6670157C12D /* Pods_HearthisAt_Player.framework */ = {isa = PBXFileReference; explicitFileType = wrapper.framework; includeInIndex = 0; path = Pods_HearthisAt_Player.framework; sourceTree = BUILT_PRODUCTS_DIR; };
/* End PBXFileReference section */

/* Begin PBXFrameworksBuildPhase section */
		D693E7D21F0D385400C5B88C /* Frameworks */ = {
			isa = PBXFrameworksBuildPhase;
			buildActionMask = 2147483647;
			files = (
				BF99A0E8C28570A1DB19CE19 /* Pods_HearthisAt_Player.framework in Frameworks */,
			);
			runOnlyForDeploymentPostprocessing = 0;
		};
/* End PBXFrameworksBuildPhase section */

/* Begin PBXGroup section */
		1C7C4F7350F3CE9F81701E27 /* Frameworks */ = {
			isa = PBXGroup;
			children = (
				F9E2E1F66437A6670157C12D /* Pods_HearthisAt_Player.framework */,
			);
			name = Frameworks;
			sourceTree = "<group>";
		};
		C7E4CBD7B442B052712AC7A1 /* Pods */ = {
			isa = PBXGroup;
			children = (
				13E78C73F61817FF43F0C0FF /* Pods-HearthisAt-Player.debug.xcconfig */,
				B688C9A710F1D9E93CE040A5 /* Pods-HearthisAt-Player.release.xcconfig */,
			);
			name = Pods;
			sourceTree = "<group>";
		};
		D62375691F0D4B7B00AACA96 /* Factory */ = {
			isa = PBXGroup;
			children = (
				D623756A1F0D4B8100AACA96 /* ControllerFactory.swift */,
				D623756C1F0D4C1200AACA96 /* ApiControllerFactory.swift */,
			);
			path = Factory;
			sourceTree = "<group>";
		};
		D62375771F0D62CB00AACA96 /* Model */ = {
			isa = PBXGroup;
			children = (
				D62375781F0D62DB00AACA96 /* Track.swift */,
				D62375821F0D691200AACA96 /* TrackFeed.swift */,
				D68DAC801F0ECF19000B390D /* ArtistList.swift */,
				D62375841F0D71FB00AACA96 /* User.swift */,
			);
			path = Model;
			sourceTree = "<group>";
		};
		D623757A1F0D65A200AACA96 /* Feed */ = {
			isa = PBXGroup;
			children = (
				D623757B1F0D65A800AACA96 /* FeedController.swift */,
				D623757D1F0D65AE00AACA96 /* FeedApiController.swift */,
			);
			path = Feed;
			sourceTree = "<group>";
		};
		D623757F1F0D661600AACA96 /* Utility */ = {
			isa = PBXGroup;
			children = (
				D62375801F0D661E00AACA96 /* PagedResults.swift */,
				D62375861F0D769400AACA96 /* MapperTransforms.swift */,
			);
			path = Utility;
			sourceTree = "<group>";
		};
		D62375881F0D82A100AACA96 /* Playback */ = {
			isa = PBXGroup;
			children = (
				D62375891F0D82A800AACA96 /* PlaybackController.swift */,
				D623758B1F0D82AF00AACA96 /* PlaybackApiController.swift */,
			);
			path = Playback;
			sourceTree = "<group>";
		};
		D623758D1F0D84E900AACA96 /* Tracks */ = {
			isa = PBXGroup;
			children = (
				D623758E1F0D84F000AACA96 /* TracksController.swift */,
				D62375901F0D850200AACA96 /* TracksApiController.swift */,
			);
			path = Tracks;
			sourceTree = "<group>";
		};
		D68DAC521F0EAA55000B390D /* Feed */ = {
			isa = PBXGroup;
			children = (
				D68DAC671F0EB188000B390D /* Views */,
				D68DAC581F0EAA8E000B390D /* Feed.storyboard */,
				D68DAC5A1F0EAA97000B390D /* FeedViewController.swift */,
			);
			path = Feed;
			sourceTree = "<group>";
		};
		D68DAC531F0EAA55000B390D /* Root */ = {
			isa = PBXGroup;
			children = (
				D68DAC561F0EAA7A000B390D /* Root.storyboard */,
				D68DAC541F0EAA61000B390D /* RootViewController.swift */,
			);
			path = Root;
			sourceTree = "<group>";
		};
		D68DAC5C1F0EAB10000B390D /* Controls */ = {
			isa = PBXGroup;
			children = (
			);
			path = Controls;
			sourceTree = "<group>";
		};
		D68DAC5D1F0EAB10000B390D /* Views */ = {
			isa = PBXGroup;
			children = (
				D68DAC5E1F0EAB19000B390D /* GradientView.swift */,
				D68DAC601F0EABD2000B390D /* AlbumArtBackgroundView.swift */,
				D68DAC6C1F0EB732000B390D /* AvatarImageView.swift */,
				D68DAC6E1F0EBFEC000B390D /* PagingFooterView.swift */,
			);
			path = Views;
			sourceTree = "<group>";
		};
		D68DAC641F0EAFA0000B390D /* Base */ = {
			isa = PBXGroup;
			children = (
				D68DAC651F0EAFC5000B390D /* Component.swift */,
			);
			path = Base;
			sourceTree = "<group>";
		};
		D68DAC671F0EB188000B390D /* Views */ = {
			isa = PBXGroup;
			children = (
				D68DAC681F0EB19A000B390D /* FeedItemCell.swift */,
				D68DAC6A1F0EB1C2000B390D /* FeedItemCell.xib */,
			);
			path = Views;
			sourceTree = "<group>";
		};
		D68DAC701F0EC4E2000B390D /* ViewControllers */ = {
			isa = PBXGroup;
			children = (
				D68DAC711F0EC4EA000B390D /* PagingTableViewController.swift */,
			);
			path = ViewControllers;
			sourceTree = "<group>";
		};
		D68DAC731F0ECBC3000B390D /* Tracks */ = {
			isa = PBXGroup;
			children = (
				D68DAC821F0ED8F3000B390D /* Views */,
				D68DAC761F0ECBFF000B390D /* Tracks.storyboard */,
				D68DAC741F0ECBCB000B390D /* TracksViewController.swift */,
			);
			path = Tracks;
			sourceTree = "<group>";
		};
		D68DAC7D1F0ECDC8000B390D /* Utility */ = {
			isa = PBXGroup;
			children = (
				D68DAC7E1F0ECDE6000B390D /* String+Localization.swift */,
			);
			path = Utility;
			sourceTree = "<group>";
		};
		D68DAC821F0ED8F3000B390D /* Views */ = {
			isa = PBXGroup;
			children = (
				D68DAC831F0ED8FA000B390D /* TracksHeaderView.swift */,
				D68DAC851F0EDEF9000B390D /* TrackItemCell.swift */,
				D68DAC871F0EDF29000B390D /* TrackItemCell.xib */,
			);
			path = Views;
			sourceTree = "<group>";
		};
		D693E7CC1F0D385400C5B88C = {
			isa = PBXGroup;
			children = (
				D693E7D71F0D385400C5B88C /* HearthisAt-Player */,
				D693E7D61F0D385400C5B88C /* Products */,
				C7E4CBD7B442B052712AC7A1 /* Pods */,
				1C7C4F7350F3CE9F81701E27 /* Frameworks */,
			);
			sourceTree = "<group>";
		};
		D693E7D61F0D385400C5B88C /* Products */ = {
			isa = PBXGroup;
			children = (
				D693E7D51F0D385400C5B88C /* HearthisAt-Player.app */,
			);
			name = Products;
			sourceTree = "<group>";
		};
		D693E7D71F0D385400C5B88C /* HearthisAt-Player */ = {
			isa = PBXGroup;
			children = (
				D693E7D81F0D385400C5B88C /* AppDelegate.swift */,
				D6BAB3801F0D39980056A13A /* Service */,
				D6BAB3811F0D39980056A13A /* UI */,
				D6BAB37D1F0D39980056A13A /* Resource */,
			);
			path = "HearthisAt-Player";
			sourceTree = "<group>";
		};
		D6BAB37D1F0D39980056A13A /* Resource */ = {
			isa = PBXGroup;
			children = (
				D6BAB3911F0D3B180056A13A /* Config.plist */,
				D693E7E41F0D385400C5B88C /* Info.plist */,
				D6BAB37E1F0D39980056A13A /* Assets.xcassets */,
				D6BAB37F1F0D39980056A13A /* LaunchScreen.storyboard */,
				D68DAC621F0EAC3F000B390D /* ColorPalette.swift */,
				D68DAC7C1F0ECD8E000B390D /* Localizable.strings */,
			);
			path = Resource;
			sourceTree = "<group>";
		};
		D6BAB3801F0D39980056A13A /* Service */ = {
			isa = PBXGroup;
			children = (
				D6BAB38C1F0D3A5B0056A13A /* Service.swift */,
				D6BAB38E1F0D3A710056A13A /* Config */,
				D6BAB3971F0D3DAB0056A13A /* Controllers */,
				D6BAB39A1F0D3E030056A13A /* Requests */,
				D62375771F0D62CB00AACA96 /* Model */,
				D623757F1F0D661600AACA96 /* Utility */,
			);
			path = Service;
			sourceTree = "<group>";
		};
		D6BAB3811F0D39980056A13A /* UI */ = {
			isa = PBXGroup;
			children = (
				D6BAB3821F0D39980056A13A /* Components */,
				D6BAB3841F0D39980056A13A /* Screens */,
				D68DAC7D1F0ECDC8000B390D /* Utility */,
			);
			path = UI;
			sourceTree = "<group>";
		};
		D6BAB3821F0D39980056A13A /* Components */ = {
			isa = PBXGroup;
			children = (
				D68DAC641F0EAFA0000B390D /* Base */,
				D68DAC5C1F0EAB10000B390D /* Controls */,
				D68DAC5D1F0EAB10000B390D /* Views */,
				D68DAC701F0EC4E2000B390D /* ViewControllers */,
			);
			path = Components;
			sourceTree = "<group>";
		};
		D6BAB3841F0D39980056A13A /* Screens */ = {
			isa = PBXGroup;
			children = (
				D68DAC531F0EAA55000B390D /* Root */,
				D68DAC521F0EAA55000B390D /* Feed */,
				D68DAC731F0ECBC3000B390D /* Tracks */,
			);
			path = Screens;
			sourceTree = "<group>";
		};
		D6BAB38E1F0D3A710056A13A /* Config */ = {
			isa = PBXGroup;
			children = (
				D6BAB38F1F0D3ABB0056A13A /* Config.swift */,
				D6BAB3931F0D3B8B0056A13A /* AppConfig.swift */,
				D6BAB3951F0D3BE50056A13A /* ApiConfig.swift */,
			);
			path = Config;
			sourceTree = "<group>";
		};
		D6BAB3971F0D3DAB0056A13A /* Controllers */ = {
			isa = PBXGroup;
			children = (
				D6BAB3981F0D3DB30056A13A /* Controller.swift */,
				D62375731F0D4DD400AACA96 /* ApiController.swift */,
				D62375921F0D855800AACA96 /* ControllerProvider.swift */,
				D62375691F0D4B7B00AACA96 /* Factory */,
				D623757A1F0D65A200AACA96 /* Feed */,
				D623758D1F0D84E900AACA96 /* Tracks */,
				D62375881F0D82A100AACA96 /* Playback */,
			);
			path = Controllers;
			sourceTree = "<group>";
		};
		D6BAB39A1F0D3E030056A13A /* Requests */ = {
			isa = PBXGroup;
			children = (
				D6BAB39B1F0D3E080056A13A /* Endpoints.swift */,
				D6BAB39D1F0D3F920056A13A /* Request.swift */,
				D62375671F0D47F800AACA96 /* Response.swift */,
				D6BAB39F1F0D3F9E0056A13A /* RequestBuilder.swift */,
				D6BAB3A11F0D43B90056A13A /* RequestExecutor.swift */,
			);
			path = Requests;
			sourceTree = "<group>";
		};
/* End PBXGroup section */

/* Begin PBXNativeTarget section */
		D693E7D41F0D385400C5B88C /* HearthisAt-Player */ = {
			isa = PBXNativeTarget;
			buildConfigurationList = D693E7E71F0D385400C5B88C /* Build configuration list for PBXNativeTarget "HearthisAt-Player" */;
			buildPhases = (
				041476D01FE0F69E85F6773B /* [CP] Check Pods Manifest.lock */,
				D693E7D11F0D385400C5B88C /* Sources */,
				D693E7D21F0D385400C5B88C /* Frameworks */,
				D693E7D31F0D385400C5B88C /* Resources */,
				A84BC78F0208950A638C2069 /* [CP] Embed Pods Frameworks */,
				4F8A9DC57FC4902D690747AF /* [CP] Copy Pods Resources */,
			);
			buildRules = (
			);
			dependencies = (
			);
			name = "HearthisAt-Player";
			productName = "HearthisAt-Player";
			productReference = D693E7D51F0D385400C5B88C /* HearthisAt-Player.app */;
			productType = "com.apple.product-type.application";
		};
/* End PBXNativeTarget section */

/* Begin PBXProject section */
		D693E7CD1F0D385400C5B88C /* Project object */ = {
			isa = PBXProject;
			attributes = {
				LastSwiftUpdateCheck = 0830;
				LastUpgradeCheck = 0830;
				ORGANIZATIONNAME = "Merrick Sapsford";
				TargetAttributes = {
					D693E7D41F0D385400C5B88C = {
						CreatedOnToolsVersion = 8.3.3;
						ProvisioningStyle = Automatic;
					};
				};
			};
			buildConfigurationList = D693E7D01F0D385400C5B88C /* Build configuration list for PBXProject "HearthisAt-Player" */;
			compatibilityVersion = "Xcode 3.2";
			developmentRegion = English;
			hasScannedForEncodings = 0;
			knownRegions = (
				en,
				Base,
			);
			mainGroup = D693E7CC1F0D385400C5B88C;
			productRefGroup = D693E7D61F0D385400C5B88C /* Products */;
			projectDirPath = "";
			projectRoot = "";
			targets = (
				D693E7D41F0D385400C5B88C /* HearthisAt-Player */,
			);
		};
/* End PBXProject section */

/* Begin PBXResourcesBuildPhase section */
		D693E7D31F0D385400C5B88C /* Resources */ = {
			isa = PBXResourcesBuildPhase;
			buildActionMask = 2147483647;
			files = (
				D68DAC881F0EDF29000B390D /* TrackItemCell.xib in Resources */,
				D68DAC771F0ECBFF000B390D /* Tracks.storyboard in Resources */,
				D68DAC571F0EAA7A000B390D /* Root.storyboard in Resources */,
				D6BAB3921F0D3B180056A13A /* Config.plist in Resources */,
				D68DAC6B1F0EB1C2000B390D /* FeedItemCell.xib in Resources */,
				D68DAC591F0EAA8E000B390D /* Feed.storyboard in Resources */,
				D68DAC7A1F0ECD8E000B390D /* Localizable.strings in Resources */,
				D6BAB3861F0D39980056A13A /* Assets.xcassets in Resources */,
				D6BAB3871F0D39980056A13A /* LaunchScreen.storyboard in Resources */,
			);
			runOnlyForDeploymentPostprocessing = 0;
		};
/* End PBXResourcesBuildPhase section */

/* Begin PBXShellScriptBuildPhase section */
		041476D01FE0F69E85F6773B /* [CP] Check Pods Manifest.lock */ = {
			isa = PBXShellScriptBuildPhase;
			buildActionMask = 2147483647;
			files = (
			);
			inputPaths = (
			);
			name = "[CP] Check Pods Manifest.lock";
			outputPaths = (
			);
			runOnlyForDeploymentPostprocessing = 0;
			shellPath = /bin/sh;
			shellScript = "diff \"${PODS_PODFILE_DIR_PATH}/Podfile.lock\" \"${PODS_ROOT}/Manifest.lock\" > /dev/null\nif [ $? != 0 ] ; then\n    # print error to STDERR\n    echo \"error: The sandbox is not in sync with the Podfile.lock. Run 'pod install' or update your CocoaPods installation.\" >&2\n    exit 1\nfi\n";
			showEnvVarsInLog = 0;
		};
		4F8A9DC57FC4902D690747AF /* [CP] Copy Pods Resources */ = {
			isa = PBXShellScriptBuildPhase;
			buildActionMask = 2147483647;
			files = (
			);
			inputPaths = (
			);
			name = "[CP] Copy Pods Resources";
			outputPaths = (
			);
			runOnlyForDeploymentPostprocessing = 0;
			shellPath = /bin/sh;
			shellScript = "\"${SRCROOT}/Pods/Target Support Files/Pods-HearthisAt-Player/Pods-HearthisAt-Player-resources.sh\"\n";
			showEnvVarsInLog = 0;
		};
		A84BC78F0208950A638C2069 /* [CP] Embed Pods Frameworks */ = {
			isa = PBXShellScriptBuildPhase;
			buildActionMask = 2147483647;
			files = (
			);
			inputPaths = (
			);
			name = "[CP] Embed Pods Frameworks";
			outputPaths = (
			);
			runOnlyForDeploymentPostprocessing = 0;
			shellPath = /bin/sh;
			shellScript = "\"${SRCROOT}/Pods/Target Support Files/Pods-HearthisAt-Player/Pods-HearthisAt-Player-frameworks.sh\"\n";
			showEnvVarsInLog = 0;
		};
/* End PBXShellScriptBuildPhase section */

/* Begin PBXSourcesBuildPhase section */
		D693E7D11F0D385400C5B88C /* Sources */ = {
			isa = PBXSourcesBuildPhase;
			buildActionMask = 2147483647;
			files = (
				D62375831F0D691200AACA96 /* TrackFeed.swift in Sources */,
				D623758A1F0D82A800AACA96 /* PlaybackController.swift in Sources */,
				D68DAC611F0EABD2000B390D /* AlbumArtBackgroundView.swift in Sources */,
				D6BAB3941F0D3B8B0056A13A /* AppConfig.swift in Sources */,
				D623757E1F0D65AE00AACA96 /* FeedApiController.swift in Sources */,
				D6BAB3961F0D3BE50056A13A /* ApiConfig.swift in Sources */,
				D623756B1F0D4B8100AACA96 /* ControllerFactory.swift in Sources */,
				D623758F1F0D84F000AACA96 /* TracksController.swift in Sources */,
				D6BAB3901F0D3ABB0056A13A /* Config.swift in Sources */,
				D62375791F0D62DB00AACA96 /* Track.swift in Sources */,
				D68DAC551F0EAA61000B390D /* RootViewController.swift in Sources */,
				D623756D1F0D4C1200AACA96 /* ApiControllerFactory.swift in Sources */,
				D62375681F0D47F800AACA96 /* Response.swift in Sources */,
				D68DAC841F0ED8FA000B390D /* TracksHeaderView.swift in Sources */,
				D68DAC631F0EAC3F000B390D /* ColorPalette.swift in Sources */,
				D62375931F0D855800AACA96 /* ControllerProvider.swift in Sources */,
				D68DAC6F1F0EBFEC000B390D /* PagingFooterView.swift in Sources */,
				D68DAC861F0EDEF9000B390D /* TrackItemCell.swift in Sources */,
				D693E7D91F0D385400C5B88C /* AppDelegate.swift in Sources */,
				D6BAB3A21F0D43B90056A13A /* RequestExecutor.swift in Sources */,
				D6BAB3A01F0D3F9E0056A13A /* RequestBuilder.swift in Sources */,
				D68DAC721F0EC4EA000B390D /* PagingTableViewController.swift in Sources */,
				D62375741F0D4DD400AACA96 /* ApiController.swift in Sources */,
				D68DAC811F0ECF19000B390D /* ArtistList.swift in Sources */,
				D68DAC5B1F0EAA97000B390D /* FeedViewController.swift in Sources */,
				D62375811F0D661E00AACA96 /* PagedResults.swift in Sources */,
				D6BAB38D1F0D3A5B0056A13A /* Service.swift in Sources */,
				D62375911F0D850200AACA96 /* TracksApiController.swift in Sources */,
				D623757C1F0D65A800AACA96 /* FeedController.swift in Sources */,
				D62375871F0D769400AACA96 /* MapperTransforms.swift in Sources */,
				D623758C1F0D82AF00AACA96 /* PlaybackApiController.swift in Sources */,
				D6BAB39C1F0D3E080056A13A /* Endpoints.swift in Sources */,
				D68DAC691F0EB19A000B390D /* FeedItemCell.swift in Sources */,
				D6BAB39E1F0D3F920056A13A /* Request.swift in Sources */,
				D68DAC6D1F0EB732000B390D /* AvatarImageView.swift in Sources */,
				D68DAC751F0ECBCB000B390D /* TracksViewController.swift in Sources */,
				D68DAC5F1F0EAB19000B390D /* GradientView.swift in Sources */,
				D68DAC661F0EAFC5000B390D /* Component.swift in Sources */,
				D6BAB3991F0D3DB30056A13A /* Controller.swift in Sources */,
				D62375851F0D71FB00AACA96 /* User.swift in Sources */,
				D68DAC7F1F0ECDE6000B390D /* String+Localization.swift in Sources */,
			);
			runOnlyForDeploymentPostprocessing = 0;
		};
/* End PBXSourcesBuildPhase section */

/* Begin PBXVariantGroup section */
		D68DAC7C1F0ECD8E000B390D /* Localizable.strings */ = {
			isa = PBXVariantGroup;
			children = (
				D68DAC7B1F0ECD8E000B390D /* Base */,
			);
			name = Localizable.strings;
			sourceTree = "<group>";
		};
/* End PBXVariantGroup section */

/* Begin XCBuildConfiguration section */
		D693E7E51F0D385400C5B88C /* Debug */ = {
			isa = XCBuildConfiguration;
			buildSettings = {
				ALWAYS_SEARCH_USER_PATHS = NO;
				CLANG_ANALYZER_NONNULL = YES;
				CLANG_ANALYZER_NUMBER_OBJECT_CONVERSION = YES_AGGRESSIVE;
				CLANG_CXX_LANGUAGE_STANDARD = "gnu++0x";
				CLANG_CXX_LIBRARY = "libc++";
				CLANG_ENABLE_MODULES = YES;
				CLANG_ENABLE_OBJC_ARC = YES;
				CLANG_WARN_BOOL_CONVERSION = YES;
				CLANG_WARN_CONSTANT_CONVERSION = YES;
				CLANG_WARN_DIRECT_OBJC_ISA_USAGE = YES_ERROR;
				CLANG_WARN_DOCUMENTATION_COMMENTS = YES;
				CLANG_WARN_EMPTY_BODY = YES;
				CLANG_WARN_ENUM_CONVERSION = YES;
				CLANG_WARN_INFINITE_RECURSION = YES;
				CLANG_WARN_INT_CONVERSION = YES;
				CLANG_WARN_OBJC_ROOT_CLASS = YES_ERROR;
				CLANG_WARN_SUSPICIOUS_MOVE = YES;
				CLANG_WARN_UNREACHABLE_CODE = YES;
				CLANG_WARN__DUPLICATE_METHOD_MATCH = YES;
				"CODE_SIGN_IDENTITY[sdk=iphoneos*]" = "iPhone Developer";
				COPY_PHASE_STRIP = NO;
				DEBUG_INFORMATION_FORMAT = dwarf;
				ENABLE_STRICT_OBJC_MSGSEND = YES;
				ENABLE_TESTABILITY = YES;
				GCC_C_LANGUAGE_STANDARD = gnu99;
				GCC_DYNAMIC_NO_PIC = NO;
				GCC_NO_COMMON_BLOCKS = YES;
				GCC_OPTIMIZATION_LEVEL = 0;
				GCC_PREPROCESSOR_DEFINITIONS = (
					"DEBUG=1",
					"$(inherited)",
				);
				GCC_WARN_64_TO_32_BIT_CONVERSION = YES;
				GCC_WARN_ABOUT_RETURN_TYPE = YES_ERROR;
				GCC_WARN_UNDECLARED_SELECTOR = YES;
				GCC_WARN_UNINITIALIZED_AUTOS = YES_AGGRESSIVE;
				GCC_WARN_UNUSED_FUNCTION = YES;
				GCC_WARN_UNUSED_VARIABLE = YES;
				IPHONEOS_DEPLOYMENT_TARGET = 10.0;
				MTL_ENABLE_DEBUG_INFO = YES;
				ONLY_ACTIVE_ARCH = YES;
				SDKROOT = iphoneos;
				SWIFT_ACTIVE_COMPILATION_CONDITIONS = DEBUG;
				SWIFT_OPTIMIZATION_LEVEL = "-Onone";
			};
			name = Debug;
		};
		D693E7E61F0D385400C5B88C /* Release */ = {
			isa = XCBuildConfiguration;
			buildSettings = {
				ALWAYS_SEARCH_USER_PATHS = NO;
				CLANG_ANALYZER_NONNULL = YES;
				CLANG_ANALYZER_NUMBER_OBJECT_CONVERSION = YES_AGGRESSIVE;
				CLANG_CXX_LANGUAGE_STANDARD = "gnu++0x";
				CLANG_CXX_LIBRARY = "libc++";
				CLANG_ENABLE_MODULES = YES;
				CLANG_ENABLE_OBJC_ARC = YES;
				CLANG_WARN_BOOL_CONVERSION = YES;
				CLANG_WARN_CONSTANT_CONVERSION = YES;
				CLANG_WARN_DIRECT_OBJC_ISA_USAGE = YES_ERROR;
				CLANG_WARN_DOCUMENTATION_COMMENTS = YES;
				CLANG_WARN_EMPTY_BODY = YES;
				CLANG_WARN_ENUM_CONVERSION = YES;
				CLANG_WARN_INFINITE_RECURSION = YES;
				CLANG_WARN_INT_CONVERSION = YES;
				CLANG_WARN_OBJC_ROOT_CLASS = YES_ERROR;
				CLANG_WARN_SUSPICIOUS_MOVE = YES;
				CLANG_WARN_UNREACHABLE_CODE = YES;
				CLANG_WARN__DUPLICATE_METHOD_MATCH = YES;
				"CODE_SIGN_IDENTITY[sdk=iphoneos*]" = "iPhone Developer";
				COPY_PHASE_STRIP = NO;
				DEBUG_INFORMATION_FORMAT = "dwarf-with-dsym";
				ENABLE_NS_ASSERTIONS = NO;
				ENABLE_STRICT_OBJC_MSGSEND = YES;
				GCC_C_LANGUAGE_STANDARD = gnu99;
				GCC_NO_COMMON_BLOCKS = YES;
				GCC_WARN_64_TO_32_BIT_CONVERSION = YES;
				GCC_WARN_ABOUT_RETURN_TYPE = YES_ERROR;
				GCC_WARN_UNDECLARED_SELECTOR = YES;
				GCC_WARN_UNINITIALIZED_AUTOS = YES_AGGRESSIVE;
				GCC_WARN_UNUSED_FUNCTION = YES;
				GCC_WARN_UNUSED_VARIABLE = YES;
				IPHONEOS_DEPLOYMENT_TARGET = 10.0;
				MTL_ENABLE_DEBUG_INFO = NO;
				SDKROOT = iphoneos;
				SWIFT_OPTIMIZATION_LEVEL = "-Owholemodule";
				VALIDATE_PRODUCT = YES;
			};
			name = Release;
		};
		D693E7E81F0D385400C5B88C /* Debug */ = {
			isa = XCBuildConfiguration;
			baseConfigurationReference = 13E78C73F61817FF43F0C0FF /* Pods-HearthisAt-Player.debug.xcconfig */;
			buildSettings = {
				ASSETCATALOG_COMPILER_APPICON_NAME = AppIcon;
				INFOPLIST_FILE = "HearthisAt-Player/Info.plist";
				LD_RUNPATH_SEARCH_PATHS = "$(inherited) @executable_path/Frameworks";
				PRODUCT_BUNDLE_IDENTIFIER = "com.msapsford.HearthisAt-Player";
				PRODUCT_NAME = "$(TARGET_NAME)";
				SWIFT_VERSION = 3.0;
			};
			name = Debug;
		};
		D693E7E91F0D385400C5B88C /* Release */ = {
			isa = XCBuildConfiguration;
			baseConfigurationReference = B688C9A710F1D9E93CE040A5 /* Pods-HearthisAt-Player.release.xcconfig */;
			buildSettings = {
				ASSETCATALOG_COMPILER_APPICON_NAME = AppIcon;
				INFOPLIST_FILE = "HearthisAt-Player/Info.plist";
				LD_RUNPATH_SEARCH_PATHS = "$(inherited) @executable_path/Frameworks";
				PRODUCT_BUNDLE_IDENTIFIER = "com.msapsford.HearthisAt-Player";
				PRODUCT_NAME = "$(TARGET_NAME)";
				SWIFT_VERSION = 3.0;
			};
			name = Release;
		};
/* End XCBuildConfiguration section */

/* Begin XCConfigurationList section */
		D693E7D01F0D385400C5B88C /* Build configuration list for PBXProject "HearthisAt-Player" */ = {
			isa = XCConfigurationList;
			buildConfigurations = (
				D693E7E51F0D385400C5B88C /* Debug */,
				D693E7E61F0D385400C5B88C /* Release */,
			);
			defaultConfigurationIsVisible = 0;
			defaultConfigurationName = Release;
		};
		D693E7E71F0D385400C5B88C /* Build configuration list for PBXNativeTarget "HearthisAt-Player" */ = {
			isa = XCConfigurationList;
			buildConfigurations = (
				D693E7E81F0D385400C5B88C /* Debug */,
				D693E7E91F0D385400C5B88C /* Release */,
			);
			defaultConfigurationIsVisible = 0;
			defaultConfigurationName = Release;
		};
/* End XCConfigurationList section */
	};
	rootObject = D693E7CD1F0D385400C5B88C /* Project object */;
}
